{
  "name": "browser-logger",
  "version": "0.0.1",
  "lockfileVersion": 1,
  "requires": true,
  "dependencies": {
    "@types/node": {
      "version": "10.12.14",
      "resolved": "https://registry.npmjs.org/@types/node/-/node-10.12.14.tgz",
      "integrity": "sha512-0rVcFRhM93kRGAU88ASCjX9Y3FWDCh+33G5Z5evpKOea4xcpLqDGwmo64+DjgaSezTN5j9KdnUzvxhOw7fNciQ==",
      "dev": true
    },
    "dexie": {
      "version": "2.0.4"
    },
    "json-stringify-safe": {
      "version": "5.0.1"
    },
    "typescript": {
      "version": "3.2.2"
    }
  }
}
